
Microsoft Visual Studio Solution File, Format Version 12.00
# Visual Studio Version 17
VisualStudioVersion = 17.4.33103.184
MinimumVisualStudioVersion = 10.0.40219.1
Project("{888888A0-9F3D-457C-B088-3A5042F75D52}") = "Lab4-6p3", "Lab4-6p3\Lab4-6p3.pyproj", "{C2CB862B-40EF-4AD3-BB07-03E207904DE0}"
EndProject
Global
	GlobalSection(SolutionConfigurationPlatforms) = preSolution
		Debug|Any CPU = Debug|Any CPU
		Release|Any CPU = Release|Any CPU
	EndGlobalSection
	GlobalSection(ProjectConfigurationPlatforms) = postSolution
		{C2CB862B-40EF-4AD3-BB07-03E207904DE0}.Debug|Any CPU.ActiveCfg = Debug|Any CPU
		{C2CB862B-40EF-4AD3-BB07-03E207904DE0}.Release|Any CPU.ActiveCfg = Release|Any CPU
	EndGlobalSection
	GlobalSection(SolutionProperties) = preSolution
		HideSolutionNode = FALSE
	EndGlobalSection
	GlobalSection(ExtensibilityGlobals) = postSolution
		SolutionGuid = {4F09A042-E94F-4CF9-ACD4-606C2F0CF8BC}
	EndGlobalSection
EndGlobal
