
Microsoft Visual Studio Solution File, Format Version 12.00
# Visual Studio Version 17
VisualStudioVersion = 17.4.33103.184
MinimumVisualStudioVersion = 10.0.40219.1
Project("{888888A0-9F3D-457C-B088-3A5042F75D52}") = "lab7-9p2", "lab7-9p2\lab7-9p2.pyproj", "{431D2F64-4495-4F2D-B1DD-CEC646EDC283}"
EndProject
Global
	GlobalSection(SolutionConfigurationPlatforms) = preSolution
		Debug|Any CPU = Debug|Any CPU
		Release|Any CPU = Release|Any CPU
	EndGlobalSection
	GlobalSection(ProjectConfigurationPlatforms) = postSolution
		{431D2F64-4495-4F2D-B1DD-CEC646EDC283}.Debug|Any CPU.ActiveCfg = Debug|Any CPU
		{431D2F64-4495-4F2D-B1DD-CEC646EDC283}.Release|Any CPU.ActiveCfg = Release|Any CPU
	EndGlobalSection
	GlobalSection(SolutionProperties) = preSolution
		HideSolutionNode = FALSE
	EndGlobalSection
	GlobalSection(ExtensibilityGlobals) = postSolution
		SolutionGuid = {171324A5-B5A8-4C91-B228-C8D82C34591B}
	EndGlobalSection
EndGlobal
